{
  "name": "mirror-backend-checks",
  "lockfileVersion": 3,
  "requires": true,
  "packages": {
    "": {
      "name": "mirror-backend-checks",
      "devDependencies": {
        "@astral-sh/ruff-wasm-nodejs": "^0.16.8"
      }
    },
    "node_modules/@astral-sh/ruff-wasm-nodejs": {
      "version": "0.16.10",
      "resolved": "https://registry.npmjs.org/@astral-sh/ruff-wasm-nodejs/-/ruff-wasm-nodejs-0.16.10.tgz",
      "integrity": "sha512-8s22TI+ba5G4DOmtYgwsGXaUYCYjm3HhO/suu5x2rxsebf6jqKBK7+sx/L25drJfO8uR7PKmvuZB92PyaVNtew==",
      "dev": true,
      "license": "MIT"
    }
  }
}
